
Microsoft Visual Studio Solution File, Format Version 12.00
# Visual Studio Version 17
VisualStudioVersion = 17.7.34031.279
MinimumVisualStudioVersion = 10.0.40219.1
Project("{FAE04EC0-301F-11D3-BF4B-00C04F79EFBC}") = "ToDo", "ToDo\ToDo.csproj", "{493C133F-7323-4269-812F-58698B852A6A}"
EndProject
Global
	GlobalSection(SolutionConfigurationPlatforms) = preSolution
		Debug|Any CPU = Debug|Any CPU
		Release|Any CPU = Release|Any CPU
	EndGlobalSection
	GlobalSection(ProjectConfigurationPlatforms) = postSolution
		{493C133F-7323-4269-812F-58698B852A6A}.Debug|Any CPU.ActiveCfg = Debug|Any CPU
		{493C133F-7323-4269-812F-58698B852A6A}.Debug|Any CPU.Build.0 = Debug|Any CPU
		{493C133F-7323-4269-812F-58698B852A6A}.Release|Any CPU.ActiveCfg = Release|Any CPU
		{493C133F-7323-4269-812F-58698B852A6A}.Release|Any CPU.Build.0 = Release|Any CPU
	EndGlobalSection
	GlobalSection(SolutionProperties) = preSolution
		HideSolutionNode = FALSE
	EndGlobalSection
	GlobalSection(ExtensibilityGlobals) = postSolution
		SolutionGuid = {0EB242B2-A5CC-4DED-9A30-D8FEB8253039}
	EndGlobalSection
EndGlobal
